
Microsoft Visual Studio Solution File, Format Version 12.00
# Visual Studio Version 16
VisualStudioVersion = 16.0.29326.143
MinimumVisualStudioVersion = 10.0.40219.1
Project("{FAE04EC0-301F-11D3-BF4B-00C04F79EFBC}") = "JeremyAnsel.Media.WavefrontObj", "JeremyAnsel.Media.WavefrontObj\JeremyAnsel.Media.WavefrontObj.csproj", "{49AEFBBD-45ED-40AB-A74C-9D4A69014DB1}"
EndProject
Project("{FAE04EC0-301F-11D3-BF4B-00C04F79EFBC}") = "JeremyAnsel.Media.WavefrontObj.Tests", "JeremyAnsel.Media.WavefrontObj.Tests\JeremyAnsel.Media.WavefrontObj.Tests.csproj", "{5C635CBF-2BB6-45CE-9E2C-290A8B09834A}"
EndProject
Project("{FAE04EC0-301F-11D3-BF4B-00C04F79EFBC}") = "Documentation", "Documentation\Documentation.csproj", "{649C9A2B-C924-4FDD-961C-5905FEECACC9}"
	ProjectSection(ProjectDependencies) = postProject
		{49AEFBBD-45ED-40AB-A74C-9D4A69014DB1} = {49AEFBBD-45ED-40AB-A74C-9D4A69014DB1}
	EndProjectSection
EndProject
Global
	GlobalSection(SolutionConfigurationPlatforms) = preSolution
		Debug|Any CPU = Debug|Any CPU
		Release|Any CPU = Release|Any CPU
	EndGlobalSection
	GlobalSection(ProjectConfigurationPlatforms) = postSolution
		{49AEFBBD-45ED-40AB-A74C-9D4A69014DB1}.Debug|Any CPU.ActiveCfg = Debug|Any CPU
		{49AEFBBD-45ED-40AB-A74C-9D4A69014DB1}.Debug|Any CPU.Build.0 = Debug|Any CPU
		{49AEFBBD-45ED-40AB-A74C-9D4A69014DB1}.Release|Any CPU.ActiveCfg = Release|Any CPU
		{49AEFBBD-45ED-40AB-A74C-9D4A69014DB1}.Release|Any CPU.Build.0 = Release|Any CPU
		{5C635CBF-2BB6-45CE-9E2C-290A8B09834A}.Debug|Any CPU.ActiveCfg = Debug|Any CPU
		{5C635CBF-2BB6-45CE-9E2C-290A8B09834A}.Debug|Any CPU.Build.0 = Debug|Any CPU
		{5C635CBF-2BB6-45CE-9E2C-290A8B09834A}.Release|Any CPU.ActiveCfg = Release|Any CPU
		{5C635CBF-2BB6-45CE-9E2C-290A8B09834A}.Release|Any CPU.Build.0 = Release|Any CPU
		{649C9A2B-C924-4FDD-961C-5905FEECACC9}.Debug|Any CPU.ActiveCfg = Debug|Any CPU
		{649C9A2B-C924-4FDD-961C-5905FEECACC9}.Debug|Any CPU.Build.0 = Debug|Any CPU
		{649C9A2B-C924-4FDD-961C-5905FEECACC9}.Release|Any CPU.ActiveCfg = Release|Any CPU
		{649C9A2B-C924-4FDD-961C-5905FEECACC9}.Release|Any CPU.Build.0 = Release|Any CPU
	EndGlobalSection
	GlobalSection(SolutionProperties) = preSolution
		HideSolutionNode = FALSE
	EndGlobalSection
	GlobalSection(ExtensibilityGlobals) = postSolution
		SolutionGuid = {79A9ED32-ABEE-4FFC-BA17-B5A25105994B}
	EndGlobalSection
EndGlobal
